
Microsoft Visual Studio Solution File, Format Version 12.00
# Visual Studio 15
VisualStudioVersion = 15.0.26124.0
MinimumVisualStudioVersion = 15.0.26124.0
Project("{2150E333-8FDC-42A3-9474-1A3956D46DE8}") = "services", "services", "{A4E9AEE1-3F76-47BE-9052-FEFA6AE2B28B}"
EndProject
Project("{FAE04EC0-301F-11D3-BF4B-00C04F79EFBC}") = "GL.ReiDoAlmoco.Api", "services\GL.ReiDoAlmoco.Api\GL.ReiDoAlmoco.Api.csproj", "{F3451B06-43E7-4055-A7AF-A5D90AB831C4}"
EndProject
Project("{FAE04EC0-301F-11D3-BF4B-00C04F79EFBC}") = "GL.ReiDoAlmoco.Domain", "services\GL.ReiDoAlmoco.Domain\GL.ReiDoAlmoco.Domain.csproj", "{A15C01A1-65F5-42E2-A1A2-9B24E0C41F70}"
EndProject
Project("{FAE04EC0-301F-11D3-BF4B-00C04F79EFBC}") = "GL.ReiDoAlmoco.Infra.Data", "services\GL.ReiDoAlmoco.Infra.Data\GL.ReiDoAlmoco.Infra.Data.csproj", "{D5FB880B-433B-45FE-9CCE-3076777EC547}"
EndProject
Project("{2150E333-8FDC-42A3-9474-1A3956D46DE8}") = "client", "client", "{D27B1D8F-A11C-48E9-BA72-00B24D1137D9}"
EndProject
Project("{FAE04EC0-301F-11D3-BF4B-00C04F79EFBC}") = "GL.ReiDoAlmoco.Site", "client\GL.ReiDoAlmoco.Site\GL.ReiDoAlmoco.Site.csproj", "{D9085483-3F87-4383-924C-C5C374916BC5}"
EndProject
Project("{FAE04EC0-301F-11D3-BF4B-00C04F79EFBC}") = "GL.ReiDoAlmoco.Domain.Shared", "services\GL.ReiDoAlmoco.Domain.Shared\GL.ReiDoAlmoco.Domain.Shared.csproj", "{78C3DF21-A7D8-4AF4-8F7E-E657155985B0}"
EndProject
Project("{FAE04EC0-301F-11D3-BF4B-00C04F79EFBC}") = "GL.ReiDoAlmoco.Infra.Services", "services\GL.ReiDoAlmoco.Infra.Services\GL.ReiDoAlmoco.Infra.Services.csproj", "{07F95789-C969-4C21-B76C-CC66CD0F9BB0}"
EndProject
Project("{2150E333-8FDC-42A3-9474-1A3956D46DE8}") = "tests", "tests", "{29910ACD-1A0D-4273-8AB8-8103B86662F0}"
EndProject
Project("{FAE04EC0-301F-11D3-BF4B-00C04F79EFBC}") = "GL.ReiDoAlmoco.Api.Tests", "tests\GL.ReiDoAlmoco.Api.Tests\GL.ReiDoAlmoco.Api.Tests.csproj", "{666750E0-53DA-47B4-BB35-852A607C65FC}"
EndProject
Project("{FAE04EC0-301F-11D3-BF4B-00C04F79EFBC}") = "GL.ReiDoAlmoco.Domain.Tests", "tests\GL.ReiDoAlmoco.Domain.Tests\GL.ReiDoAlmoco.Domain.Tests.csproj", "{BF8DEFEB-CAC8-4877-9D7A-D297135E0E40}"
EndProject
Project("{FAE04EC0-301F-11D3-BF4B-00C04F79EFBC}") = "GL.ReiDoAlmoco.Infra.Services.Tests", "tests\GL.ReiDoAlmoco.Infra.Services.Tests\GL.ReiDoAlmoco.Infra.Services.Tests.csproj", "{1EC054B4-FA93-4C9D-A0C9-8C3F45C26E1B}"
EndProject
Project("{FAE04EC0-301F-11D3-BF4B-00C04F79EFBC}") = "GL.ReiDoAlmoco.Tests.Shared", "tests\GL.ReiDoAlmoco.Tests.Shared\GL.ReiDoAlmoco.Tests.Shared.csproj", "{A6C19CC8-E06E-44C4-AB05-0684ED42926D}"
EndProject
Global
	GlobalSection(SolutionConfigurationPlatforms) = preSolution
		Debug|Any CPU = Debug|Any CPU
		Debug|x64 = Debug|x64
		Debug|x86 = Debug|x86
		Release|Any CPU = Release|Any CPU
		Release|x64 = Release|x64
		Release|x86 = Release|x86
	EndGlobalSection
	GlobalSection(SolutionProperties) = preSolution
		HideSolutionNode = FALSE
	EndGlobalSection
	GlobalSection(ProjectConfigurationPlatforms) = postSolution
		{F3451B06-43E7-4055-A7AF-A5D90AB831C4}.Debug|Any CPU.ActiveCfg = Debug|Any CPU
		{F3451B06-43E7-4055-A7AF-A5D90AB831C4}.Debug|Any CPU.Build.0 = Debug|Any CPU
		{F3451B06-43E7-4055-A7AF-A5D90AB831C4}.Debug|x64.ActiveCfg = Debug|Any CPU
		{F3451B06-43E7-4055-A7AF-A5D90AB831C4}.Debug|x64.Build.0 = Debug|Any CPU
		{F3451B06-43E7-4055-A7AF-A5D90AB831C4}.Debug|x86.ActiveCfg = Debug|Any CPU
		{F3451B06-43E7-4055-A7AF-A5D90AB831C4}.Debug|x86.Build.0 = Debug|Any CPU
		{F3451B06-43E7-4055-A7AF-A5D90AB831C4}.Release|Any CPU.ActiveCfg = Release|Any CPU
		{F3451B06-43E7-4055-A7AF-A5D90AB831C4}.Release|Any CPU.Build.0 = Release|Any CPU
		{F3451B06-43E7-4055-A7AF-A5D90AB831C4}.Release|x64.ActiveCfg = Release|Any CPU
		{F3451B06-43E7-4055-A7AF-A5D90AB831C4}.Release|x64.Build.0 = Release|Any CPU
		{F3451B06-43E7-4055-A7AF-A5D90AB831C4}.Release|x86.ActiveCfg = Release|Any CPU
		{F3451B06-43E7-4055-A7AF-A5D90AB831C4}.Release|x86.Build.0 = Release|Any CPU
		{A15C01A1-65F5-42E2-A1A2-9B24E0C41F70}.Debug|Any CPU.ActiveCfg = Debug|Any CPU
		{A15C01A1-65F5-42E2-A1A2-9B24E0C41F70}.Debug|Any CPU.Build.0 = Debug|Any CPU
		{A15C01A1-65F5-42E2-A1A2-9B24E0C41F70}.Debug|x64.ActiveCfg = Debug|Any CPU
		{A15C01A1-65F5-42E2-A1A2-9B24E0C41F70}.Debug|x64.Build.0 = Debug|Any CPU
		{A15C01A1-65F5-42E2-A1A2-9B24E0C41F70}.Debug|x86.ActiveCfg = Debug|Any CPU
		{A15C01A1-65F5-42E2-A1A2-9B24E0C41F70}.Debug|x86.Build.0 = Debug|Any CPU
		{A15C01A1-65F5-42E2-A1A2-9B24E0C41F70}.Release|Any CPU.ActiveCfg = Release|Any CPU
		{A15C01A1-65F5-42E2-A1A2-9B24E0C41F70}.Release|Any CPU.Build.0 = Release|Any CPU
		{A15C01A1-65F5-42E2-A1A2-9B24E0C41F70}.Release|x64.ActiveCfg = Release|Any CPU
		{A15C01A1-65F5-42E2-A1A2-9B24E0C41F70}.Release|x64.Build.0 = Release|Any CPU
		{A15C01A1-65F5-42E2-A1A2-9B24E0C41F70}.Release|x86.ActiveCfg = Release|Any CPU
		{A15C01A1-65F5-42E2-A1A2-9B24E0C41F70}.Release|x86.Build.0 = Release|Any CPU
		{D5FB880B-433B-45FE-9CCE-3076777EC547}.Debug|Any CPU.ActiveCfg = Debug|Any CPU
		{D5FB880B-433B-45FE-9CCE-3076777EC547}.Debug|Any CPU.Build.0 = Debug|Any CPU
		{D5FB880B-433B-45FE-9CCE-3076777EC547}.Debug|x64.ActiveCfg = Debug|Any CPU
		{D5FB880B-433B-45FE-9CCE-3076777EC547}.Debug|x64.Build.0 = Debug|Any CPU
		{D5FB880B-433B-45FE-9CCE-3076777EC547}.Debug|x86.ActiveCfg = Debug|Any CPU
		{D5FB880B-433B-45FE-9CCE-3076777EC547}.Debug|x86.Build.0 = Debug|Any CPU
		{D5FB880B-433B-45FE-9CCE-3076777EC547}.Release|Any CPU.ActiveCfg = Release|Any CPU
		{D5FB880B-433B-45FE-9CCE-3076777EC547}.Release|Any CPU.Build.0 = Release|Any CPU
		{D5FB880B-433B-45FE-9CCE-3076777EC547}.Release|x64.ActiveCfg = Release|Any CPU
		{D5FB880B-433B-45FE-9CCE-3076777EC547}.Release|x64.Build.0 = Release|Any CPU
		{D5FB880B-433B-45FE-9CCE-3076777EC547}.Release|x86.ActiveCfg = Release|Any CPU
		{D5FB880B-433B-45FE-9CCE-3076777EC547}.Release|x86.Build.0 = Release|Any CPU
		{D9085483-3F87-4383-924C-C5C374916BC5}.Debug|Any CPU.ActiveCfg = Debug|Any CPU
		{D9085483-3F87-4383-924C-C5C374916BC5}.Debug|Any CPU.Build.0 = Debug|Any CPU
		{D9085483-3F87-4383-924C-C5C374916BC5}.Debug|x64.ActiveCfg = Debug|Any CPU
		{D9085483-3F87-4383-924C-C5C374916BC5}.Debug|x64.Build.0 = Debug|Any CPU
		{D9085483-3F87-4383-924C-C5C374916BC5}.Debug|x86.ActiveCfg = Debug|Any CPU
		{D9085483-3F87-4383-924C-C5C374916BC5}.Debug|x86.Build.0 = Debug|Any CPU
		{D9085483-3F87-4383-924C-C5C374916BC5}.Release|Any CPU.ActiveCfg = Release|Any CPU
		{D9085483-3F87-4383-924C-C5C374916BC5}.Release|Any CPU.Build.0 = Release|Any CPU
		{D9085483-3F87-4383-924C-C5C374916BC5}.Release|x64.ActiveCfg = Release|Any CPU
		{D9085483-3F87-4383-924C-C5C374916BC5}.Release|x64.Build.0 = Release|Any CPU
		{D9085483-3F87-4383-924C-C5C374916BC5}.Release|x86.ActiveCfg = Release|Any CPU
		{D9085483-3F87-4383-924C-C5C374916BC5}.Release|x86.Build.0 = Release|Any CPU
		{78C3DF21-A7D8-4AF4-8F7E-E657155985B0}.Debug|Any CPU.ActiveCfg = Debug|Any CPU
		{78C3DF21-A7D8-4AF4-8F7E-E657155985B0}.Debug|Any CPU.Build.0 = Debug|Any CPU
		{78C3DF21-A7D8-4AF4-8F7E-E657155985B0}.Debug|x64.ActiveCfg = Debug|Any CPU
		{78C3DF21-A7D8-4AF4-8F7E-E657155985B0}.Debug|x64.Build.0 = Debug|Any CPU
		{78C3DF21-A7D8-4AF4-8F7E-E657155985B0}.Debug|x86.ActiveCfg = Debug|Any CPU
		{78C3DF21-A7D8-4AF4-8F7E-E657155985B0}.Debug|x86.Build.0 = Debug|Any CPU
		{78C3DF21-A7D8-4AF4-8F7E-E657155985B0}.Release|Any CPU.ActiveCfg = Release|Any CPU
		{78C3DF21-A7D8-4AF4-8F7E-E657155985B0}.Release|Any CPU.Build.0 = Release|Any CPU
		{78C3DF21-A7D8-4AF4-8F7E-E657155985B0}.Release|x64.ActiveCfg = Release|Any CPU
		{78C3DF21-A7D8-4AF4-8F7E-E657155985B0}.Release|x64.Build.0 = Release|Any CPU
		{78C3DF21-A7D8-4AF4-8F7E-E657155985B0}.Release|x86.ActiveCfg = Release|Any CPU
		{78C3DF21-A7D8-4AF4-8F7E-E657155985B0}.Release|x86.Build.0 = Release|Any CPU
		{07F95789-C969-4C21-B76C-CC66CD0F9BB0}.Debug|Any CPU.ActiveCfg = Debug|Any CPU
		{07F95789-C969-4C21-B76C-CC66CD0F9BB0}.Debug|Any CPU.Build.0 = Debug|Any CPU
		{07F95789-C969-4C21-B76C-CC66CD0F9BB0}.Debug|x64.ActiveCfg = Debug|Any CPU
		{07F95789-C969-4C21-B76C-CC66CD0F9BB0}.Debug|x64.Build.0 = Debug|Any CPU
		{07F95789-C969-4C21-B76C-CC66CD0F9BB0}.Debug|x86.ActiveCfg = Debug|Any CPU
		{07F95789-C969-4C21-B76C-CC66CD0F9BB0}.Debug|x86.Build.0 = Debug|Any CPU
		{07F95789-C969-4C21-B76C-CC66CD0F9BB0}.Release|Any CPU.ActiveCfg = Release|Any CPU
		{07F95789-C969-4C21-B76C-CC66CD0F9BB0}.Release|Any CPU.Build.0 = Release|Any CPU
		{07F95789-C969-4C21-B76C-CC66CD0F9BB0}.Release|x64.ActiveCfg = Release|Any CPU
		{07F95789-C969-4C21-B76C-CC66CD0F9BB0}.Release|x64.Build.0 = Release|Any CPU
		{07F95789-C969-4C21-B76C-CC66CD0F9BB0}.Release|x86.ActiveCfg = Release|Any CPU
		{07F95789-C969-4C21-B76C-CC66CD0F9BB0}.Release|x86.Build.0 = Release|Any CPU
		{666750E0-53DA-47B4-BB35-852A607C65FC}.Debug|Any CPU.ActiveCfg = Debug|Any CPU
		{666750E0-53DA-47B4-BB35-852A607C65FC}.Debug|Any CPU.Build.0 = Debug|Any CPU
		{666750E0-53DA-47B4-BB35-852A607C65FC}.Debug|x64.ActiveCfg = Debug|Any CPU
		{666750E0-53DA-47B4-BB35-852A607C65FC}.Debug|x64.Build.0 = Debug|Any CPU
		{666750E0-53DA-47B4-BB35-852A607C65FC}.Debug|x86.ActiveCfg = Debug|Any CPU
		{666750E0-53DA-47B4-BB35-852A607C65FC}.Debug|x86.Build.0 = Debug|Any CPU
		{666750E0-53DA-47B4-BB35-852A607C65FC}.Release|Any CPU.ActiveCfg = Release|Any CPU
		{666750E0-53DA-47B4-BB35-852A607C65FC}.Release|Any CPU.Build.0 = Release|Any CPU
		{666750E0-53DA-47B4-BB35-852A607C65FC}.Release|x64.ActiveCfg = Release|Any CPU
		{666750E0-53DA-47B4-BB35-852A607C65FC}.Release|x64.Build.0 = Release|Any CPU
		{666750E0-53DA-47B4-BB35-852A607C65FC}.Release|x86.ActiveCfg = Release|Any CPU
		{666750E0-53DA-47B4-BB35-852A607C65FC}.Release|x86.Build.0 = Release|Any CPU
		{BF8DEFEB-CAC8-4877-9D7A-D297135E0E40}.Debug|Any CPU.ActiveCfg = Debug|Any CPU
		{BF8DEFEB-CAC8-4877-9D7A-D297135E0E40}.Debug|Any CPU.Build.0 = Debug|Any CPU
		{BF8DEFEB-CAC8-4877-9D7A-D297135E0E40}.Debug|x64.ActiveCfg = Debug|Any CPU
		{BF8DEFEB-CAC8-4877-9D7A-D297135E0E40}.Debug|x64.Build.0 = Debug|Any CPU
		{BF8DEFEB-CAC8-4877-9D7A-D297135E0E40}.Debug|x86.ActiveCfg = Debug|Any CPU
		{BF8DEFEB-CAC8-4877-9D7A-D297135E0E40}.Debug|x86.Build.0 = Debug|Any CPU
		{BF8DEFEB-CAC8-4877-9D7A-D297135E0E40}.Release|Any CPU.ActiveCfg = Release|Any CPU
		{BF8DEFEB-CAC8-4877-9D7A-D297135E0E40}.Release|Any CPU.Build.0 = Release|Any CPU
		{BF8DEFEB-CAC8-4877-9D7A-D297135E0E40}.Release|x64.ActiveCfg = Release|Any CPU
		{BF8DEFEB-CAC8-4877-9D7A-D297135E0E40}.Release|x64.Build.0 = Release|Any CPU
		{BF8DEFEB-CAC8-4877-9D7A-D297135E0E40}.Release|x86.ActiveCfg = Release|Any CPU
		{BF8DEFEB-CAC8-4877-9D7A-D297135E0E40}.Release|x86.Build.0 = Release|Any CPU
		{1EC054B4-FA93-4C9D-A0C9-8C3F45C26E1B}.Debug|Any CPU.ActiveCfg = Debug|Any CPU
		{1EC054B4-FA93-4C9D-A0C9-8C3F45C26E1B}.Debug|Any CPU.Build.0 = Debug|Any CPU
		{1EC054B4-FA93-4C9D-A0C9-8C3F45C26E1B}.Debug|x64.ActiveCfg = Debug|Any CPU
		{1EC054B4-FA93-4C9D-A0C9-8C3F45C26E1B}.Debug|x64.Build.0 = Debug|Any CPU
		{1EC054B4-FA93-4C9D-A0C9-8C3F45C26E1B}.Debug|x86.ActiveCfg = Debug|Any CPU
		{1EC054B4-FA93-4C9D-A0C9-8C3F45C26E1B}.Debug|x86.Build.0 = Debug|Any CPU
		{1EC054B4-FA93-4C9D-A0C9-8C3F45C26E1B}.Release|Any CPU.ActiveCfg = Release|Any CPU
		{1EC054B4-FA93-4C9D-A0C9-8C3F45C26E1B}.Release|Any CPU.Build.0 = Release|Any CPU
		{1EC054B4-FA93-4C9D-A0C9-8C3F45C26E1B}.Release|x64.ActiveCfg = Release|Any CPU
		{1EC054B4-FA93-4C9D-A0C9-8C3F45C26E1B}.Release|x64.Build.0 = Release|Any CPU
		{1EC054B4-FA93-4C9D-A0C9-8C3F45C26E1B}.Release|x86.ActiveCfg = Release|Any CPU
		{1EC054B4-FA93-4C9D-A0C9-8C3F45C26E1B}.Release|x86.Build.0 = Release|Any CPU
		{A6C19CC8-E06E-44C4-AB05-0684ED42926D}.Debug|Any CPU.ActiveCfg = Debug|Any CPU
		{A6C19CC8-E06E-44C4-AB05-0684ED42926D}.Debug|Any CPU.Build.0 = Debug|Any CPU
		{A6C19CC8-E06E-44C4-AB05-0684ED42926D}.Debug|x64.ActiveCfg = Debug|Any CPU
		{A6C19CC8-E06E-44C4-AB05-0684ED42926D}.Debug|x64.Build.0 = Debug|Any CPU
		{A6C19CC8-E06E-44C4-AB05-0684ED42926D}.Debug|x86.ActiveCfg = Debug|Any CPU
		{A6C19CC8-E06E-44C4-AB05-0684ED42926D}.Debug|x86.Build.0 = Debug|Any CPU
		{A6C19CC8-E06E-44C4-AB05-0684ED42926D}.Release|Any CPU.ActiveCfg = Release|Any CPU
		{A6C19CC8-E06E-44C4-AB05-0684ED42926D}.Release|Any CPU.Build.0 = Release|Any CPU
		{A6C19CC8-E06E-44C4-AB05-0684ED42926D}.Release|x64.ActiveCfg = Release|Any CPU
		{A6C19CC8-E06E-44C4-AB05-0684ED42926D}.Release|x64.Build.0 = Release|Any CPU
		{A6C19CC8-E06E-44C4-AB05-0684ED42926D}.Release|x86.ActiveCfg = Release|Any CPU
		{A6C19CC8-E06E-44C4-AB05-0684ED42926D}.Release|x86.Build.0 = Release|Any CPU
	EndGlobalSection
	GlobalSection(NestedProjects) = preSolution
		{F3451B06-43E7-4055-A7AF-A5D90AB831C4} = {A4E9AEE1-3F76-47BE-9052-FEFA6AE2B28B}
		{A15C01A1-65F5-42E2-A1A2-9B24E0C41F70} = {A4E9AEE1-3F76-47BE-9052-FEFA6AE2B28B}
		{D5FB880B-433B-45FE-9CCE-3076777EC547} = {A4E9AEE1-3F76-47BE-9052-FEFA6AE2B28B}
		{D9085483-3F87-4383-924C-C5C374916BC5} = {D27B1D8F-A11C-48E9-BA72-00B24D1137D9}
		{78C3DF21-A7D8-4AF4-8F7E-E657155985B0} = {A4E9AEE1-3F76-47BE-9052-FEFA6AE2B28B}
		{07F95789-C969-4C21-B76C-CC66CD0F9BB0} = {A4E9AEE1-3F76-47BE-9052-FEFA6AE2B28B}
		{666750E0-53DA-47B4-BB35-852A607C65FC} = {29910ACD-1A0D-4273-8AB8-8103B86662F0}
		{BF8DEFEB-CAC8-4877-9D7A-D297135E0E40} = {29910ACD-1A0D-4273-8AB8-8103B86662F0}
		{1EC054B4-FA93-4C9D-A0C9-8C3F45C26E1B} = {29910ACD-1A0D-4273-8AB8-8103B86662F0}
		{A6C19CC8-E06E-44C4-AB05-0684ED42926D} = {29910ACD-1A0D-4273-8AB8-8103B86662F0}
	EndGlobalSection
EndGlobal
